
Microsoft Visual Studio Solution File, Format Version 12.00
# Visual Studio Version 16
VisualStudioVersion = 16.0.30907.101
MinimumVisualStudioVersion = 10.0.40219.1
Project("{9A19103F-16F7-4668-BE54-9A1E7A4F7556}") = "Fundamentals", "Fundamentals\Fundamentals.csproj", "{21DDE260-1323-4BD7-9D18-998D10020EE3}"
EndProject
Project("{9A19103F-16F7-4668-BE54-9A1E7A4F7556}") = "Sort", "Sorts\Sort.csproj", "{1649185B-453E-4730-A70B-BCA3C7D29919}"
EndProject
Project("{9A19103F-16F7-4668-BE54-9A1E7A4F7556}") = "Fundamentals.Tests", "Fundamentals.Tests\Fundamentals.Tests.csproj", "{E263F7C9-81E3-4162-802B-4A298FDC02B3}"
EndProject
Project("{2150E333-8FDC-42A3-9474-1A3956D46DE8}") = "Solution Items", "Solution Items", "{03189A5C-B335-418B-A44D-A5D06457A316}"
	ProjectSection(SolutionItems) = preProject
		.editorconfig = .editorconfig
		.gitignore = .gitignore
	EndProjectSection
EndProject
Project("{9A19103F-16F7-4668-BE54-9A1E7A4F7556}") = "Fundamentals.Console", "Fundamentals.Console\Fundamentals.Console.csproj", "{C7BCBC22-B91A-418C-AD01-EB115F2ABB1A}"
EndProject
Global
	GlobalSection(SolutionConfigurationPlatforms) = preSolution
		Debug|Any CPU = Debug|Any CPU
		Release|Any CPU = Release|Any CPU
	EndGlobalSection
	GlobalSection(ProjectConfigurationPlatforms) = postSolution
		{21DDE260-1323-4BD7-9D18-998D10020EE3}.Debug|Any CPU.ActiveCfg = Debug|Any CPU
		{21DDE260-1323-4BD7-9D18-998D10020EE3}.Debug|Any CPU.Build.0 = Debug|Any CPU
		{21DDE260-1323-4BD7-9D18-998D10020EE3}.Release|Any CPU.ActiveCfg = Release|Any CPU
		{21DDE260-1323-4BD7-9D18-998D10020EE3}.Release|Any CPU.Build.0 = Release|Any CPU
		{1649185B-453E-4730-A70B-BCA3C7D29919}.Debug|Any CPU.ActiveCfg = Debug|Any CPU
		{1649185B-453E-4730-A70B-BCA3C7D29919}.Debug|Any CPU.Build.0 = Debug|Any CPU
		{1649185B-453E-4730-A70B-BCA3C7D29919}.Release|Any CPU.ActiveCfg = Release|Any CPU
		{1649185B-453E-4730-A70B-BCA3C7D29919}.Release|Any CPU.Build.0 = Release|Any CPU
		{E263F7C9-81E3-4162-802B-4A298FDC02B3}.Debug|Any CPU.ActiveCfg = Debug|Any CPU
		{E263F7C9-81E3-4162-802B-4A298FDC02B3}.Debug|Any CPU.Build.0 = Debug|Any CPU
		{E263F7C9-81E3-4162-802B-4A298FDC02B3}.Release|Any CPU.ActiveCfg = Release|Any CPU
		{E263F7C9-81E3-4162-802B-4A298FDC02B3}.Release|Any CPU.Build.0 = Release|Any CPU
		{C7BCBC22-B91A-418C-AD01-EB115F2ABB1A}.Debug|Any CPU.ActiveCfg = Debug|Any CPU
		{C7BCBC22-B91A-418C-AD01-EB115F2ABB1A}.Debug|Any CPU.Build.0 = Debug|Any CPU
		{C7BCBC22-B91A-418C-AD01-EB115F2ABB1A}.Release|Any CPU.ActiveCfg = Release|Any CPU
		{C7BCBC22-B91A-418C-AD01-EB115F2ABB1A}.Release|Any CPU.Build.0 = Release|Any CPU
	EndGlobalSection
	GlobalSection(SolutionProperties) = preSolution
		HideSolutionNode = FALSE
	EndGlobalSection
	GlobalSection(ExtensibilityGlobals) = postSolution
		SolutionGuid = {0F78291C-43FA-4FF5-BBE3-EE6F6D0DF34B}
	EndGlobalSection
EndGlobal
